# THIS IS AN AUTOGENERATED FILE. DO NOT EDIT THIS FILE DIRECTLY.
# yarn lockfile v1


"@artdeco/clean-stack@^1.1.1":
  version "1.1.1"
  resolved "https://registry.yarnpkg.com/@artdeco/clean-stack/-/clean-stack-1.1.1.tgz#0a68b9a061b5076ebaf948c150ea26d09c1e753f"
  integrity sha512-q5lO3vGUo0WgkSqzgzjL0HQdA9t2HzQqZISuVuQWMh9xqLuiLFP/ZTsxFc8vpMl7mNpGk7Mm0OeyFQ+Evrp0Cw==

"@depack/cache@^1.1.0":
  version "1.1.0"
  resolved "https://registry.yarnpkg.com/@depack/cache/-/cache-1.1.0.tgz#04e23b79c700c11872fc742e41e70705eb419ac2"
  integrity sha512-tY5XbVLwPyxTiahdwc62/GdaCeTImO7lOcMzVKJ0QXWeIywtEGO95WLc5HlrTfxMcog096cdL2ECjPXhep71Gw==

"@depack/detect@^1.1.0":
  version "1.1.0"
  resolved "https://registry.yarnpkg.com/@depack/detect/-/detect-1.1.0.tgz#e5e5cbd2c7f68d689363f4b4a7179a2918d45ff3"
  integrity sha512-t6OBa7LsPNhBFDcEN1V6S3nIQp0t3rB2OfTa/UiV1jCyeI+AEmy4iwhlkgv0pdMEs+gzgwnQQ/6bwQGI6+89lA==
  dependencies:
    mismatch "^1.2.0"

"@depack/nodejs@^1.1.4":
  version "1.1.4"
  resolved "https://registry.yarnpkg.com/@depack/nodejs/-/nodejs-1.1.4.tgz#36195f33fef7a6b9b1f93a043a52a87fac087729"
  integrity sha512-vtmNtylOPNjFkQHOgC1M8Ru9c211FgtD3sG3KGS9dvlcHDUAiNoJ52gVwOep5Tkp0I4qmwPx3oyTV6OwKchmlg==

"@depack/render@^1.3.4":
  version "1.3.4"
  resolved "https://registry.yarnpkg.com/@depack/render/-/render-1.3.4.tgz#f9931e745aa700ad3e5d13419b1e4222ff8f5a2c"
  integrity sha512-6DMJe/j/pyq0wc38UGY9dCIcqenSA9Pl+FiftPK3w6xGeCzi/Y1vlqKEpsEm2u1AgqZ/uXai9UHiGRZWZB2ggQ==

"@depack/split@^1.0.0":
  version "1.0.0"
  resolved "https://registry.yarnpkg.com/@depack/split/-/split-1.0.0.tgz#37fea28d9bc6f01e5a2da87d393f402781bb7e99"
  integrity sha512-PNJPl01VFMKtyN7qBZ2cds4N/lO2KvzLrR7JamODFiuuL2X8mGoTKp1SI8fxlT2MwLV8mScCUKn55QPwsUX7iA==

"@externs/nodejs@^1.5.0":
  version "1.5.0"
  resolved "https://registry.yarnpkg.com/@externs/nodejs/-/nodejs-1.5.0.tgz#88ff9e7a03c53d19101ee49768e598ff0f39c9ad"
  integrity sha512-2J+FRDjGfKKldTQ5YqLmhQ04/sA9swTQ6OTtPzo4xhg41u1+eiufciXiqW6u3UXEcmm413a27NakgnLbzfp0wQ==

"@externs/preact@^1.2.9":
  version "1.2.9"
  resolved "https://registry.yarnpkg.com/@externs/preact/-/preact-1.2.9.tgz#4c7be52ca978a98f8e2a4546cafcfef33416bf9a"
  integrity sha512-txXV8G4pFzZgQXQHqhlpT2c+WHFK3cRZ4eZGI38R9+h57zu/oJXQ8CGlvDlIpWhbh8DU+S4Kf66hX0rxs5+pZA==

"@idio/debug@^1.2.3":
  version "1.2.3"
  resolved "https://registry.yarnpkg.com/@idio/debug/-/debug-1.2.3.tgz#ff002ec176bf45782aca7f70adcdde650fcb2a04"
  integrity sha512-MalXJDXpDY7p8oNlKqQTmk6d5Q5WTeT18HqvySj4byU0BX2G7KX+IISUMH7uLdYv9y/usKU+uZO+5n2v41/kqw==

"@wrote/clone@^1.1.1", "@wrote/clone@^1.2.1":
  version "1.2.1"
  resolved "https://registry.yarnpkg.com/@wrote/clone/-/clone-1.2.1.tgz#112cfab56adcfe8df9341a82c48ddb0d6bd6dbc4"
  integrity sha512-V1tFKje8f+gmFDJSBnJ6xGeZQjPtUGJK2kwHdJ2o/FC6bYHDhWv8aHat5hXv8hqN0fl8TtH0ZRZ5GwLhoezfng==
  dependencies:
    "@wrote/ensure-path" "^1.0.8"
    "@wrote/read-dir-structure" "^1.2.0"
    makepromise "^3.1.0"

"@wrote/ensure-path@^1.0.6", "@wrote/ensure-path@^1.0.8", "@wrote/ensure-path@^1.1.0":
  version "1.1.0"
  resolved "https://registry.yarnpkg.com/@wrote/ensure-path/-/ensure-path-1.1.0.tgz#2b5875dd4e215f209329c9c774702e4e67c3e07f"
  integrity sha512-yZigiFQhgAMAVrec9BoPdJzqjSBdHuCyDrAacWSHIUByxiMcmY9i/1dGM4RbGZg/bN8XWrxDDmcWLuPUmsJYFg==
  dependencies:
    makepromise "^3.1.0"

"@wrote/exists@^1.0.3", "@wrote/exists@^1.0.5":
  version "1.0.5"
  resolved "https://registry.yarnpkg.com/@wrote/exists/-/exists-1.0.5.tgz#6310f57ee017449ed17f19a85dd1a9dd6380d74b"
  integrity sha512-OLA2QrG/SkMP5ZGm6Am0ICG8IDzCwwnyErKjWWPTu6C1/eeCEqlZZSONSe6BquCFNQpOqhyZ+CTnmWULPXG9bg==
  dependencies:
    makepromise "^3.1.0"

"@wrote/read-dir-structure@^1.2.0", "@wrote/read-dir-structure@^1.3.0":
  version "1.3.0"
  resolved "https://registry.yarnpkg.com/@wrote/read-dir-structure/-/read-dir-structure-1.3.0.tgz#3e0652807ec76085474ec427c2cf198f13a09be4"
  integrity sha512-+yseRsIOiOrYv0xVuRqDM1OTGytRW2UfLPCFCzG34mRcorOhd7Zy6EYiNbCM2GgEtmhCpHzIKyiLLuKh/M8RHA==

"@wrote/read@^1.0.3", "@wrote/read@^1.0.4":
  version "1.0.4"
  resolved "https://registry.yarnpkg.com/@wrote/read/-/read-1.0.4.tgz#b7343b3bbfb1d1b9ed35ee87e8021730f13f5fcf"
  integrity sha512-wRvv11mvywo2UIeFhvJ7SCO30hvW0P6jMBo1cAlYQOFwbdbTZYZxHdb1zz3VMF8o74W3xQAuvS78DNmA47NumQ==
  dependencies:
    catchment "^3.3.0"

"@wrote/rm@^1.1.3":
  version "1.1.5"
  resolved "https://registry.yarnpkg.com/@wrote/rm/-/rm-1.1.5.tgz#8044b45fd599554f653a447f386a658ff1259f52"
  integrity sha512-PBeEQ9GapqrBCig3wdvOLdSHhV4SMjxS9uWThCsuGeTNwE4dUb/hqmYC75acIvAd2iRFB2rmO/TyKjdLkM/tgQ==
  dependencies:
    "@wrote/read-dir-structure" "^1.2.0"
    makepromise "^3.1.0"

"@wrote/write@^1.0.3", "@wrote/write@^1.0.4":
  version "1.0.4"
  resolved "https://registry.yarnpkg.com/@wrote/write/-/write-1.0.4.tgz#ad2c4e667b3e2bd5f37bb844d6b78b55952c391f"
  integrity sha512-zhelf+k8hMbk/FCvroJ/KwpX8Bi1lnJ9hkJITLqiCWi1vk6X74QhjdFxSaNDyiC5V1WTPJIWQ+76VB4obY7zVw==
  dependencies:
    erotic "^2.1.0"

"@zoroaster/assert@^1.0.2":
  version "1.0.2"
  resolved "https://registry.yarnpkg.com/@zoroaster/assert/-/assert-1.0.2.tgz#8ffe2ebb10c81d570d4965080f942af688321a1f"
  integrity sha512-5C0LDzW8DkiSSCLyYO9ux3R5ru65yEn/GtxH1wh7ukRhLAZ/Svx4+A81YvciXcn35B2VmvCqyiTrhNdxdgusSw==

"@zoroaster/mask@^2.2.0":
  version "2.3.0"
  resolved "https://registry.yarnpkg.com/@zoroaster/mask/-/mask-2.3.0.tgz#57d169417e09e481efafccbffdd93cef919ec5e6"
  integrity sha512-fufal06pS/SYhOKHCmoFQ+PjhQwsCwMr2h0D2xeiVaXstaWHJVEiLg4+BU/KCmOOzLXLKikf81ca4zFXip7ScQ==

alamode@^3.0.0, alamode@^3.3.0:
  version "3.3.0"
  resolved "https://registry.yarnpkg.com/alamode/-/alamode-3.3.0.tgz#5a73ebb8eae847934f747d67c2680698061b7bbe"
  integrity sha512-/Xi0rZ0HAyobAIi8DJQMeFF3kRrr15PGuYRwvxmQaOqSO3WJgXOsmhL6sZQuvD/okZztzujMxMA+21WOD2rYyQ==

argufy@^1.7.5:
  version "1.7.5"
  resolved "https://registry.yarnpkg.com/argufy/-/argufy-1.7.5.tgz#e0ead64079b746765f08643d3fc0d4629c7468c8"
  integrity sha512-vc/AqYhXqQyDSTVRx2RNIlKNTwSdsVBP3Tp512kOCgzz8IIaHbdebVdi3PDRG1PUXv0oH/KBzdvDlS04fVV9Jg==

catchment@^3.2.3, catchment@^3.3.0:
  version "3.3.0"
  resolved "https://registry.yarnpkg.com/catchment/-/catchment-3.3.0.tgz#e57eb70183d6a75ee71da0cb8ec2e76ac01317d2"
  integrity sha512-PACm54CBCUZv1uEOMyNiB6i0kkDMdDN0+VYXIQAaeZMDcjudyPccgpYLWQfGCwCW/Q9SOfD6MyBLmxL3qh7V3A==
  dependencies:
    "@artdeco/clean-stack" "^1.1.1"
    erotic "^2.1.0"

clearr@^1.0.0:
  version "1.0.0"
  resolved "https://registry.yarnpkg.com/clearr/-/clearr-1.0.0.tgz#47f2a0a24aa910ef6b54e998732b825e3b4f90a0"
  integrity sha512-OaDCLwxycJoODRWeNZT2j152jBp59wND+N+WkgkO3UhZM4cGXWwqPNUA1xmZXeKpt9pjdRcsn8L+mw0SZJ/wWg==

competent@^3.7.3:
  version "3.7.3"
  resolved "https://registry.yarnpkg.com/competent/-/competent-3.7.3.tgz#99885f0800c2e8fd8eb0337ba22de6143df9930c"
  integrity sha512-OVkk9+zU1e9zdWTwL4Xg7JWFdcyV8ckSxRhzpgeg99O+Ws2jveG9bcjo2ttfJEKAH0z1YxaUsr6aQYB3Padvtg==

depack@^1.0.1:
  version "1.0.1"
  resolved "https://registry.yarnpkg.com/depack/-/depack-1.0.1.tgz#4b3c2a9bff91cf31466d148101336a8329db7f09"
  integrity sha512-W1etv1UIcdoRDqN8JzwcD8T1ZUylbppmqMQulu54YMoTSMAVmqcp8lnR17og8RtvHFlI41qpi58SMgnU3C6hPQ==
  dependencies:
    "@depack/nodejs" "^1.1.4"
    "@externs/nodejs" "^1.5.0"

erotic@^2.1.0:
  version "2.1.1"
  resolved "https://registry.yarnpkg.com/erotic/-/erotic-2.1.1.tgz#97f20c2d6e7fd2ec6f7996823009d3ac8ae7157f"
  integrity sha512-S1ns+uibigdXxxzqiO5VNZw3d0YNrVb4jZ7OUAklO4722/ytp+nta6txsUhYmnIEI0TF7jjXNjGvcmw0I/Rs7A==
  dependencies:
    "@artdeco/clean-stack" "^1.1.1"

erte@^1.2.0:
  version "1.2.0"
  resolved "https://registry.yarnpkg.com/erte/-/erte-1.2.0.tgz#8b7dbf6ad822d96f071947d20d5f440623f10769"
  integrity sha512-saxyNviRCvFENCyZ66O58cY8icaraVeQOgGks6ujsBeS7zf3yyjXrhyfMpERZo7SJH1KKdXcSQqgemxW6eIpjA==

eslint-config-artdeco@1.0.1:
  version "1.0.1"
  resolved "https://registry.yarnpkg.com/eslint-config-artdeco/-/eslint-config-artdeco-1.0.1.tgz#4451c9d0ed1ce4d33dfd43a6315f12c8bfb04274"
  integrity sha1-RFHJ0O0c5NM9/UOmMV8SyL+wQnQ=

forkfeed@^1.1.1:
  version "1.1.1"
  resolved "https://registry.yarnpkg.com/forkfeed/-/forkfeed-1.1.1.tgz#4f7ead1264d8adf5fa9450a4db70940ad782a532"
  integrity sha512-IfMY73d7Ezyyfo6IfE1+gcWUf9d+z+QJ6LmMIRrtl6N5PGI7DLP1oPLaF5RnsoCTCa7VwIk/0KSlahU/m3w8pA==

fpj@^1.3.0:
  version "1.3.0"
  resolved "https://registry.yarnpkg.com/fpj/-/fpj-1.3.0.tgz#c01dd7d72e69fa5f82d339f5e6fbc3b3256d286a"
  integrity sha512-RduDTdeaoEPD+zzyv7eYefGiPD6DVhNnhwOWTzG1aJnCDmkJrbdDfaWAOxyM0Xw75Ui6+o6wJyAUDrnyqmQvcg==
  dependencies:
    "@wrote/exists" "^1.0.5"
    "@wrote/read" "^1.0.4"
    resolve-dependency "^1.0.3"

indicatrix@^1.4.0:
  version "1.4.0"
  resolved "https://registry.yarnpkg.com/indicatrix/-/indicatrix-1.4.0.tgz#544c3c9a12485f4a62a88e849819bd3245b3d756"
  integrity sha512-35LB8ClUvqFFRJhEpllq5H8lnKrQa4CFJapjC0hsU+c8Qr0PCCASf4iffDW28EMHn1AxeY/jTh/ayOpAanUbbQ==

makepromise@^3.0.3, makepromise@^3.1.0:
  version "3.1.0"
  resolved "https://registry.yarnpkg.com/makepromise/-/makepromise-3.1.0.tgz#58a07ea1605ad10c14a907334e067d200402d8b9"
  integrity sha512-wbRpYfLteGKd3j96r30G2xCrqp3blk/kYOzGKBPnEix4a/VcHcxcYFwJ79fCZFtcEqMn8MGSh8h+D+/LlI+JQQ==
  dependencies:
    erotic "^2.1.0"

mismatch@^1.2.0:
  version "1.2.0"
  resolved "https://registry.yarnpkg.com/mismatch/-/mismatch-1.2.0.tgz#3f5021861e8084e36a14c2c1f9489941cd18f790"
  integrity sha512-kuw1k8ZHS+12fBVAVOBXMBJBXcNGnByFTJIDzH4W4v84OocejZ/qzxmT4ll9CLX5OD23NXr+NvrQDus0BsQ8xw==

pedantry@^2.3.1, pedantry@^2.5.0:
  version "2.5.0"
  resolved "https://registry.yarnpkg.com/pedantry/-/pedantry-2.5.0.tgz#02b2689ef64e87a1f36c731a400d305e80e96a54"
  integrity sha512-LU0IjJV+gayov2HTguIv5izijEZFB01Beq9+wwzHuFqSkLRMMg9pG7PfHzssZV1oJIfaZqWMitGwTDo8kuRHKg==

preact@8.5.3:
  version "8.5.3"
  resolved "https://registry.yarnpkg.com/preact/-/preact-8.5.3.tgz#78c2a5562fcecb1fed1d0055fa4ac1e27bde17c1"
  integrity sha512-O3kKP+1YdgqHOFsZF2a9JVdtqD+RPzCQc3rP+Ualf7V6rmRDchZ9MJbiGTT7LuyqFKZqlHSOyO/oMFmI2lVTsw==

promto@^1.1.2:
  version "1.2.0"
  resolved "https://registry.yarnpkg.com/promto/-/promto-1.2.0.tgz#fab897b6435a1386cf20eba0c133cdd878c6706a"
  integrity sha512-vAsViAolRK4QGKtESdOmvQRDNZuw90MI1Ha9PnFXyGI/1BRZ7t3CESacBMzPUG5dXDUPgbjOxe9B3mZAl540OA==

reloquent@^1.3.2:
  version "1.3.2"
  resolved "https://registry.yarnpkg.com/reloquent/-/reloquent-1.3.2.tgz#66996e8c65acf5e427490fa5f68eaf7948943a62"
  integrity sha512-l0upTSJW73CriMZXAMvg1ZCGNSj7WXh0+EgBIsNmv50dEzBt7AfzbIafgCC7d37YHXbYhFuSEByvM0Hr5I8yxQ==
  dependencies:
    promto "^1.1.2"

resolve-dependency@^1.0.3:
  version "1.0.3"
  resolved "https://registry.yarnpkg.com/resolve-dependency/-/resolve-dependency-1.0.3.tgz#f0f78d0cea2c2fbf9dcf38b67ab15363aba8db34"
  integrity sha512-d9kWZE8B6XNztEl4UTYfZ08bSToR3uQSpRnumj4UWrY2UQTk9DBrMhpCfvNk1DowtB1gXdhn6fXtoKvYeRV5jg==
  dependencies:
    "@wrote/exists" "^1.0.3"

restream@^3.7.4:
  version "3.7.4"
  resolved "https://registry.yarnpkg.com/restream/-/restream-3.7.4.tgz#e86c455f92ba65ce41d9e450ed54d065a130f89c"
  integrity sha512-heKiPfU5CLE/jTLcs53MyvE1jje/V/JViAD95LMY1p0XVDLyVcyM4iUo0iYUnuNUYTUxrJyKpXDTu7GKOr0pFA==
  dependencies:
    "@artdeco/clean-stack" "^1.1.1"
    catchment "^3.3.0"

rexml@^2.2.2:
  version "2.2.2"
  resolved "https://registry.yarnpkg.com/rexml/-/rexml-2.2.2.tgz#9d73e0a816c989ee5800cdfd56609528655d76e6"
  integrity sha512-JuSBXGCIqnBkAFbya4lvokaWspiquDdJTGzD+h58KNnSnmNC1QH9exvyD9l0ZyOZ44t5yUG5cXYJkpk3vhjPWA==
  dependencies:
    mismatch "^1.2.0"

spawncommand@^2.2.0:
  version "2.2.0"
  resolved "https://registry.yarnpkg.com/spawncommand/-/spawncommand-2.2.0.tgz#545791d135482bd5428c9de1e889305abde42889"
  integrity sha512-WTmgdPAoXKgb4DyYArazcpR6KUcRMhXbSN3c1jE/QvX8jMkAV9/WI6yrJBsPL9q3sEfXjPyoat+/0yYYm8i+9w==
  dependencies:
    catchment "^3.3.0"

static-analysis@^2.1.0:
  version "2.1.0"
  resolved "https://registry.yarnpkg.com/static-analysis/-/static-analysis-2.1.0.tgz#ade6c6f1ccf6f96f545b20534312aa6452fc2a72"
  integrity sha512-2rNPCCcEWUKvyHiWmAqksD05pCI0RM9/if4NYpqryStrdpOlfKyhN9UJDavkVFsGfKdynIVwzh8YCcI5ETmeLQ==

temp-context@^2.1.3:
  version "2.1.3"
  resolved "https://registry.yarnpkg.com/temp-context/-/temp-context-2.1.3.tgz#278502e47a2aa717334d5d84f18657ea42d7512c"
  integrity sha512-x5Zoj1X1OJe/2RNbPJwVLbhFs0Gu8552E8VBAEZH+vLxARdUb1Kf5RXIdX6VZBMmgRpN1NXEXJsMcNirIHubeA==
  dependencies:
    "@wrote/clone" "^1.1.1"
    "@wrote/ensure-path" "^1.0.6"
    "@wrote/read" "^1.0.3"
    "@wrote/rm" "^1.1.3"
    "@wrote/write" "^1.0.3"
    catchment "^3.2.3"
    makepromise "^3.0.3"
    pedantry "^2.3.1"

typal@^1.24.11:
  version "1.24.11"
  resolved "https://registry.yarnpkg.com/typal/-/typal-1.24.11.tgz#a36c31dd561a13242956cd8a320b25d14793d09c"
  integrity sha512-PraN9Zl8CM64mYXYlM2eqKFgkjeQgauPy++22s8TNUUzGRWItgQMewNofWlBnP6Bu42rY71PvEV9sJLhBdriOg==

usually@^1.2.0:
  version "1.2.0"
  resolved "https://registry.yarnpkg.com/usually/-/usually-1.2.0.tgz#ce4d8ea87875599bbfb3af48692595a3114f618f"
  integrity sha512-/PIDu3pkZNqYdzOr0Cyq2q8FP3ziBISOvVJtZcypg3BygIW/W618oF4dtK4mhCxbk3bUzrfTbCxDWCCr85bq/g==

which-stream@^1.2.1:
  version "1.2.1"
  resolved "https://registry.yarnpkg.com/which-stream/-/which-stream-1.2.1.tgz#5c33c86102453634e11f336c1d32dcaee391d906"
  integrity sha512-+wnOZBHeuZpRT3t+GE/NwHTTCpgzF4auKTCNpD3s3s9oiGlX+O5Wum2UrbkfRKaWJ9iWMX0vMKuKkkyTv8xY0w==

yarn-s@1.2.1:
  version "1.2.1"
  resolved "https://registry.yarnpkg.com/yarn-s/-/yarn-s-1.2.1.tgz#3749ffbbb1ba1b0d40db07d81d4bb536cc635c3f"
  integrity sha512-9qnU+hBV/mDJHB//1psEH786C1LEdr8AdXhMMiSh26io0GW0tHy4DEhstgaWlR8gzKF8FMgpoYsDtQdtSAY+8Q==

zoroaster@^4.1.2:
  version "4.1.2"
  resolved "https://registry.yarnpkg.com/zoroaster/-/zoroaster-4.1.2.tgz#89e033cdeebf75564713436bd7e72af926e800fb"
  integrity sha512-mE5RlV12h5bEZ4LBX0NsR5NEwNicLR6kdwXMijWD8vH+8JmbtXuC664ndzsw46lnhmn2VWlafyBi5k/MMCmftA==
  dependencies:
    "@zoroaster/assert" "^1.0.2"
    "@zoroaster/mask" "^2.2.0"
    alamode "^3.0.0"
